// !$*UTF8*$!
{
	archiveVersion = 1;
	classes = {
	};
	objectVersion = 77;
	objects = {

/* Begin PBXContainerItemProxy section */
		73135B9F2F8086DB00E7B357 /* PBXContainerItemProxy */ = {
			isa = PBXContainerItemProxy;
			containerPortal = 73135B862F8086D900E7B357 /* Project object */;
			proxyType = 1;
			remoteGlobalIDString = 73135B8D2F8086D900E7B357;
			remoteInfo = "Basketball Coach Assistant";
		};
		73135BA92F8086DB00E7B357 /* PBXContainerItemProxy */ = {
			isa = PBXContainerItemProxy;
			containerPortal = 73135B862F8086D900E7B357 /* Project object */;
			proxyType = 1;
			remoteGlobalIDString = 73135B8D2F8086D900E7B357;
			remoteInfo = "Basketball Coach Assistant";
		};
/* End PBXContainerItemProxy section */

/* Begin PBXFileReference section */
		73135B8E2F8086D900E7B357 /* Basketball Coach Assistant.app */ = {isa = PBXFileReference; explicitFileType = wrapper.application; includeInIndex = 0; path = "Basketball Coach Assistant.app"; sourceTree = BUILT_PRODUCTS_DIR; };
		73135B9E2F8086DB00E7B357 /* Basketball Coach AssistantTests.xctest */ = {isa = PBXFileReference; explicitFileType = wrapper.cfbundle; includeInIndex = 0; path = "Basketball Coach AssistantTests.xctest"; sourceTree = BUILT_PRODUCTS_DIR; };
		73135BA82F8086DB00E7B357 /* Basketball Coach AssistantUITests.xctest */ = {isa = PBXFileReference; explicitFileType = wrapper.cfbundle; includeInIndex = 0; path = "Basketball Coach AssistantUITests.xctest"; sourceTree = BUILT_PRODUCTS_DIR; };
/* End PBXFileReference section */

/* Begin PBXFileSystemSynchronizedRootGroup section */
		73135B902F8086D900E7B357 /* Basketball Coach Assistant */ = {
			isa = PBXFileSystemSynchronizedRootGroup;
			path = "Basketball Coach Assistant";
			sourceTree = "<group>";
		};
		73135BA12F8086DB00E7B357 /* Basketball Coach AssistantTests */ = {
			isa = PBXFileSystemSynchronizedRootGroup;
			path = "Basketball Coach AssistantTests";
			sourceTree = "<group>";
		};
		73135BAB2F8086DB00E7B357 /* Basketball Coach AssistantUITests */ = {
			isa = PBXFileSystemSynchronizedRootGroup;
			path = "Basketball Coach AssistantUITests";
			sourceTree = "<group>";
		};
/* End PBXFileSystemSynchronizedRootGroup section */

/* Begin PBXFrameworksBuildPhase section */
		73135B8B2F8086D900E7B357 /* Frameworks */ = {
			isa = PBXFrameworksBuildPhase;
			buildActionMask = 2147483647;
			files = (
			);
			runOnlyForDeploymentPostprocessing = 0;
		};
		73135B9B2F8086DB00E7B357 /* Frameworks */ = {
			isa = PBXFrameworksBuildPhase;
			buildActionMask = 2147483647;
			files = (
			);
			runOnlyForDeploymentPostprocessing = 0;
		};
		73135BA52F8086DB00E7B357 /* Frameworks */ = {
			isa = PBXFrameworksBuildPhase;
			buildActionMask = 2147483647;
			files = (
			);
			runOnlyForDeploymentPostprocessing = 0;
		};
/* End PBXFrameworksBuildPhase section */

/* Begin PBXGroup section */
		73135B852F8086D900E7B357 = {
			isa = PBXGroup;
			children = (
				73135B902F8086D900E7B357 /* Basketball Coach Assistant */,
				73135BA12F8086DB00E7B357 /* Basketball Coach AssistantTests */,
				73135BAB2F8086DB00E7B357 /* Basketball Coach AssistantUITests */,
				73135B8F2F8086D900E7B357 /* Products */,
			);
			sourceTree = "<group>";
		};
		73135B8F2F8086D900E7B357 /* Products */ = {
			isa = PBXGroup;
			children = (
				73135B8E2F8086D900E7B357 /* Basketball Coach Assistant.app */,
				73135B9E2F8086DB00E7B357 /* Basketball Coach AssistantTests.xctest */,
				73135BA82F8086DB00E7B357 /* Basketball Coach AssistantUITests.xctest */,
			);
			name = Products;
			sourceTree = "<group>";
		};
/* End PBXGroup section */

/* Begin PBXNativeTarget section */
		73135B8D2F8086D900E7B357 /* Basketball Coach Assistant */ = {
			isa = PBXNativeTarget;
			buildConfigurationList = 73135BB22F8086DB00E7B357 /* Build configuration list for PBXNativeTarget "Basketball Coach Assistant" */;
			buildPhases = (
				73135B8A2F8086D900E7B357 /* Sources */,
				73135B8B2F8086D900E7B357 /* Frameworks */,
				73135B8C2F8086D900E7B357 /* Resources */,
			);
			buildRules = (
			);
			dependencies = (
			);
			fileSystemSynchronizedGroups = (
				73135B902F8086D900E7B357 /* Basketball Coach Assistant */,
			);
			name = "Basketball Coach Assistant";
			packageProductDependencies = (
			);
			productName = "Basketball Coach Assistant";
			productReference = 73135B8E2F8086D900E7B357 /* Basketball Coach Assistant.app */;
			productType = "com.apple.product-type.application";
		};
		73135B9D2F8086DB00E7B357 /* Basketball Coach AssistantTests */ = {
			isa = PBXNativeTarget;
			buildConfigurationList = 73135BB52F8086DB00E7B357 /* Build configuration list for PBXNativeTarget "Basketball Coach AssistantTests" */;
			buildPhases = (
				73135B9A2F8086DB00E7B357 /* Sources */,
				73135B9B2F8086DB00E7B357 /* Frameworks */,
				73135B9C2F8086DB00E7B357 /* Resources */,
			);
			buildRules = (
			);
			dependencies = (
				73135BA02F8086DB00E7B357 /* PBXTargetDependency */,
			);
			fileSystemSynchronizedGroups = (
				73135BA12F8086DB00E7B357 /* Basketball Coach AssistantTests */,
			);
			name = "Basketball Coach AssistantTests";
			packageProductDependencies = (
			);
			productName = "Basketball Coach AssistantTests";
			productReference = 73135B9E2F8086DB00E7B357 /* Basketball Coach AssistantTests.xctest */;
			productType = "com.apple.product-type.bundle.unit-test";
		};
		73135BA72F8086DB00E7B357 /* Basketball Coach AssistantUITests */ = {
			isa = PBXNativeTarget;
			buildConfigurationList = 73135BB82F8086DB00E7B357 /* Build configuration list for PBXNativeTarget "Basketball Coach AssistantUITests" */;
			buildPhases = (
				73135BA42F8086DB00E7B357 /* Sources */,
				73135BA52F8086DB00E7B357 /* Frameworks */,
				73135BA62F8086DB00E7B357 /* Resources */,
			);
			buildRules = (
			);
			dependencies = (
				73135BAA2F8086DB00E7B357 /* PBXTargetDependency */,
			);
			fileSystemSynchronizedGroups = (
				73135BAB2F8086DB00E7B357 /* Basketball Coach AssistantUITests */,
			);
			name = "Basketball Coach AssistantUITests";
			packageProductDependencies = (
			);
			productName = "Basketball Coach AssistantUITests";
			productReference = 73135BA82F8086DB00E7B357 /* Basketball Coach AssistantUITests.xctest */;
			productType = "com.apple.product-type.bundle.ui-testing";
		};
/* End PBXNativeTarget section */

/* Begin PBXProject section */
		73135B862F8086D900E7B357 /* Project object */ = {
			isa = PBXProject;
			attributes = {
				BuildIndependentTargetsInParallel = 1;
				LastSwiftUpdateCheck = 1620;
				LastUpgradeCheck = 1620;
				TargetAttributes = {
					73135B8D2F8086D900E7B357 = {
						CreatedOnToolsVersion = 16.2;
					};
					73135B9D2F8086DB00E7B357 = {
						CreatedOnToolsVersion = 16.2;
						TestTargetID = 73135B8D2F8086D900E7B357;
					};
					73135BA72F8086DB00E7B357 = {
						CreatedOnToolsVersion = 16.2;
						TestTargetID = 73135B8D2F8086D900E7B357;
					};
				};
			};
			buildConfigurationList = 73135B892F8086D900E7B357 /* Build configuration list for PBXProject "Basketball Coach Assistant" */;
			developmentRegion = en;
			hasScannedForEncodings = 0;
			knownRegions = (
				en,
				Base,
			);
			mainGroup = 73135B852F8086D900E7B357;
			minimizedProjectReferenceProxies = 1;
			preferredProjectObjectVersion = 77;
			productRefGroup = 73135B8F2F8086D900E7B357 /* Products */;
			projectDirPath = "";
			projectRoot = "";
			targets = (
				73135B8D2F8086D900E7B357 /* Basketball Coach Assistant */,
				73135B9D2F8086DB00E7B357 /* Basketball Coach AssistantTests */,
				73135BA72F8086DB00E7B357 /* Basketball Coach AssistantUITests */,
			);
		};
/* End PBXProject section */

/* Begin PBXResourcesBuildPhase section */
		73135B8C2F8086D900E7B357 /* Resources */ = {
			isa = PBXResourcesBuildPhase;
			buildActionMask = 2147483647;
			files = (
			);
			runOnlyForDeploymentPostprocessing = 0;
		};
		73135B9C2F8086DB00E7B357 /* Resources */ = {
			isa = PBXResourcesBuildPhase;
			buildActionMask = 2147483647;
			files = (
			);
			runOnlyForDeploymentPostprocessing = 0;
		};
		73135BA62F8086DB00E7B357 /* Resources */ = {
			isa = PBXResourcesBuildPhase;
			buildActionMask = 2147483647;
			files = (
			);
			runOnlyForDeploymentPostprocessing = 0;
		};
/* End PBXResourcesBuildPhase section */

/* Begin PBXSourcesBuildPhase section */
		73135B8A2F8086D900E7B357 /* Sources */ = {
			isa = PBXSourcesBuildPhase;
			buildActionMask = 2147483647;
			files = (
			);
			runOnlyForDeploymentPostprocessing = 0;
		};
		73135B9A2F8086DB00E7B357 /* Sources */ = {
			isa = PBXSourcesBuildPhase;
			buildActionMask = 2147483647;
			files = (
			);
			runOnlyForDeploymentPostprocessing = 0;
		};
		73135BA42F8086DB00E7B357 /* Sources */ = {
			isa = PBXSourcesBuildPhase;
			buildActionMask = 2147483647;
			files = (
			);
			runOnlyForDeploymentPostprocessing = 0;
		};
/* End PBXSourcesBuildPhase section */

/* Begin PBXTargetDependency section */
		73135BA02F8086DB00E7B357 /* PBXTargetDependency */ = {
			isa = PBXTargetDependency;
			target = 73135B8D2F8086D900E7B357 /* Basketball Coach Assistant */;
			targetProxy = 73135B9F2F8086DB00E7B357 /* PBXContainerItemProxy */;
		};
		73135BAA2F8086DB00E7B357 /* PBXTargetDependency */ = {
			isa = PBXTargetDependency;
			target = 73135B8D2F8086D900E7B357 /* Basketball Coach Assistant */;
			targetProxy = 73135BA92F8086DB00E7B357 /* PBXContainerItemProxy */;
		};
/* End PBXTargetDependency section */

/* Begin XCBuildConfiguration section */
		73135BB02F8086DB00E7B357 /* Debug */ = {
			isa = XCBuildConfiguration;
			buildSettings = {
				ALWAYS_SEARCH_USER_PATHS = NO;
				ASSETCATALOG_COMPILER_GENERATE_SWIFT_ASSET_SYMBOL_EXTENSIONS = YES;
				CLANG_ANALYZER_NONNULL = YES;
				CLANG_ANALYZER_NUMBER_OBJECT_CONVERSION = YES_AGGRESSIVE;
				CLANG_CXX_LANGUAGE_STANDARD = "gnu++20";
				CLANG_ENABLE_MODULES = YES;
				CLANG_ENABLE_OBJC_ARC = YES;
				CLANG_ENABLE_OBJC_WEAK = YES;
				CLANG_WARN_BLOCK_CAPTURE_AUTORELEASING = YES;
				CLANG_WARN_BOOL_CONVERSION = YES;
				CLANG_WARN_COMMA = YES;
				CLANG_WARN_CONSTANT_CONVERSION = YES;
				CLANG_WARN_DEPRECATED_OBJC_IMPLEMENTATIONS = YES;
				CLANG_WARN_DIRECT_OBJC_ISA_USAGE = YES_ERROR;
				CLANG_WARN_DOCUMENTATION_COMMENTS = YES;
				CLANG_WARN_EMPTY_BODY = YES;
				CLANG_WARN_ENUM_CONVERSION = YES;
				CLANG_WARN_INFINITE_RECURSION = YES;
				CLANG_WARN_INT_CONVERSION = YES;
				CLANG_WARN_NON_LITERAL_NULL_CONVERSION = YES;
				CLANG_WARN_OBJC_IMPLICIT_RETAIN_SELF = YES;
				CLANG_WARN_OBJC_LITERAL_CONVERSION = YES;
				CLANG_WARN_OBJC_ROOT_CLASS = YES_ERROR;
				CLANG_WARN_QUOTED_INCLUDE_IN_FRAMEWORK_HEADER = YES;
				CLANG_WARN_RANGE_LOOP_ANALYSIS = YES;
				CLANG_WARN_STRICT_PROTOTYPES = YES;
				CLANG_WARN_SUSPICIOUS_MOVE = YES;
				CLANG_WARN_UNGUARDED_AVAILABILITY = YES_AGGRESSIVE;
				CLANG_WARN_UNREACHABLE_CODE = YES;
				CLANG_WARN__DUPLICATE_METHOD_MATCH = YES;
				COPY_PHASE_STRIP = NO;
				DEBUG_INFORMATION_FORMAT = dwarf;
				ENABLE_STRICT_OBJC_MSGSEND = YES;
				ENABLE_TESTABILITY = YES;
				ENABLE_USER_SCRIPT_SANDBOXING = YES;
				GCC_C_LANGUAGE_STANDARD = gnu17;
				GCC_DYNAMIC_NO_PIC = NO;
				GCC_NO_COMMON_BLOCKS = YES;
				GCC_OPTIMIZATION_LEVEL = 0;
				GCC_PREPROCESSOR_DEFINITIONS = (
					"DEBUG=1",
					"$(inherited)",
				);
				GCC_WARN_64_TO_32_BIT_CONVERSION = YES;
				GCC_WARN_ABOUT_RETURN_TYPE = YES_ERROR;
				GCC_WARN_UNDECLARED_SELECTOR = YES;
				GCC_WARN_UNINITIALIZED_AUTOS = YES_AGGRESSIVE;
				GCC_WARN_UNUSED_FUNCTION = YES;
				GCC_WARN_UNUSED_VARIABLE = YES;
				IPHONEOS_DEPLOYMENT_TARGET = 18.2;
				LOCALIZATION_PREFERS_STRING_CATALOGS = YES;
				MTL_ENABLE_DEBUG_INFO = INCLUDE_SOURCE;
				MTL_FAST_MATH = YES;
				ONLY_ACTIVE_ARCH = YES;
				SDKROOT = iphoneos;
				SWIFT_ACTIVE_COMPILATION_CONDITIONS = "DEBUG $(inherited)";
				SWIFT_OPTIMIZATION_LEVEL = "-Onone";
			};
			name = Debug;
		};
		73135BB12F8086DB00E7B357 /* Release */ = {
			isa = XCBuildConfiguration;
			buildSettings = {
				ALWAYS_SEARCH_USER_PATHS = NO;
				ASSETCATALOG_COMPILER_GENERATE_SWIFT_ASSET_SYMBOL_EXTENSIONS = YES;
				CLANG_ANALYZER_NONNULL = YES;
				CLANG_ANALYZER_NUMBER_OBJECT_CONVERSION = YES_AGGRESSIVE;
				CLANG_CXX_LANGUAGE_STANDARD = "gnu++20";
				CLANG_ENABLE_MODULES = YES;
				CLANG_ENABLE_OBJC_ARC = YES;
				CLANG_ENABLE_OBJC_WEAK = YES;
				CLANG_WARN_BLOCK_CAPTURE_AUTORELEASING = YES;
				CLANG_WARN_BOOL_CONVERSION = YES;
				CLANG_WARN_COMMA = YES;
				CLANG_WARN_CONSTANT_CONVERSION = YES;
				CLANG_WARN_DEPRECATED_OBJC_IMPLEMENTATIONS = YES;
				CLANG_WARN_DIRECT_OBJC_ISA_USAGE = YES_ERROR;
				CLANG_WARN_DOCUMENTATION_COMMENTS = YES;
				CLANG_WARN_EMPTY_BODY = YES;
				CLANG_WARN_ENUM_CONVERSION = YES;
				CLANG_WARN_INFINITE_RECURSION = YES;
				CLANG_WARN_INT_CONVERSION = YES;
				CLANG_WARN_NON_LITERAL_NULL_CONVERSION = YES;
				CLANG_WARN_OBJC_IMPLICIT_RETAIN_SELF = YES;
				CLANG_WARN_OBJC_LITERAL_CONVERSION = YES;
				CLANG_WARN_OBJC_ROOT_CLASS = YES_ERROR;
				CLANG_WARN_QUOTED_INCLUDE_IN_FRAMEWORK_HEADER = YES;
				CLANG_WARN_RANGE_LOOP_ANALYSIS = YES;
				CLANG_WARN_STRICT_PROTOTYPES = YES;
				CLANG_WARN_SUSPICIOUS_MOVE = YES;
				CLANG_WARN_UNGUARDED_AVAILABILITY = YES_AGGRESSIVE;
				CLANG_WARN_UNREACHABLE_CODE = YES;
				CLANG_WARN__DUPLICATE_METHOD_MATCH = YES;
				COPY_PHASE_STRIP = NO;
				DEBUG_INFORMATION_FORMAT = "dwarf-with-dsym";
				ENABLE_NS_ASSERTIONS = NO;
				ENABLE_STRICT_OBJC_MSGSEND = YES;
				ENABLE_USER_SCRIPT_SANDBOXING = YES;
				GCC_C_LANGUAGE_STANDARD = gnu17;
				GCC_NO_COMMON_BLOCKS = YES;
				GCC_WARN_64_TO_32_BIT_CONVERSION = YES;
				GCC_WARN_ABOUT_RETURN_TYPE = YES_ERROR;
				GCC_WARN_UNDECLARED_SELECTOR = YES;
				GCC_WARN_UNINITIALIZED_AUTOS = YES_AGGRESSIVE;
				GCC_WARN_UNUSED_FUNCTION = YES;
				GCC_WARN_UNUSED_VARIABLE = YES;
				IPHONEOS_DEPLOYMENT_TARGET = 18.2;
				LOCALIZATION_PREFERS_STRING_CATALOGS = YES;
				MTL_ENABLE_DEBUG_INFO = NO;
				MTL_FAST_MATH = YES;
				SDKROOT = iphoneos;
				SWIFT_COMPILATION_MODE = wholemodule;
				VALIDATE_PRODUCT = YES;
			};
			name = Release;
		};
		73135BB32F8086DB00E7B357 /* Debug */ = {
			isa = XCBuildConfiguration;
			buildSettings = {
				ASSETCATALOG_COMPILER_APPICON_NAME = AppIcon;
				ASSETCATALOG_COMPILER_GLOBAL_ACCENT_COLOR_NAME = AccentColor;
				CODE_SIGN_STYLE = Automatic;
				CURRENT_PROJECT_VERSION = 1;
				DEVELOPMENT_ASSET_PATHS = "\"Basketball Coach Assistant/Preview Content\"";
				DEVELOPMENT_TEAM = FHFAQCZ5K4;
				ENABLE_PREVIEWS = YES;
				GENERATE_INFOPLIST_FILE = YES;
				INFOPLIST_KEY_UIApplicationSceneManifest_Generation = YES;
				INFOPLIST_KEY_UIApplicationSupportsIndirectInputEvents = YES;
				INFOPLIST_KEY_UILaunchScreen_Generation = YES;
				INFOPLIST_KEY_UISupportedInterfaceOrientations = "UIInterfaceOrientationLandscapeLeft UIInterfaceOrientationLandscapeRight";
				LD_RUNPATH_SEARCH_PATHS = (
					"$(inherited)",
					"@executable_path/Frameworks",
				);
				MARKETING_VERSION = 1.0;
				PRODUCT_BUNDLE_IDENTIFIER = "com.df.Basketball-Coach-Assistant";
				PRODUCT_NAME = "$(TARGET_NAME)";
				SWIFT_EMIT_LOC_STRINGS = YES;
				SWIFT_VERSION = 5.0;
				TARGETED_DEVICE_FAMILY = "1,2";
			};
			name = Debug;
		};
		73135BB42F8086DB00E7B357 /* Release */ = {
			isa = XCBuildConfiguration;
			buildSettings = {
				ASSETCATALOG_COMPILER_APPICON_NAME = AppIcon;
				ASSETCATALOG_COMPILER_GLOBAL_ACCENT_COLOR_NAME = AccentColor;
				CODE_SIGN_STYLE = Automatic;
				CURRENT_PROJECT_VERSION = 1;
				DEVELOPMENT_ASSET_PATHS = "\"Basketball Coach Assistant/Preview Content\"";
				DEVELOPMENT_TEAM = FHFAQCZ5K4;
				ENABLE_PREVIEWS = YES;
				GENERATE_INFOPLIST_FILE = YES;
				INFOPLIST_KEY_UIApplicationSceneManifest_Generation = YES;
				INFOPLIST_KEY_UIApplicationSupportsIndirectInputEvents = YES;
				INFOPLIST_KEY_UILaunchScreen_Generation = YES;
				INFOPLIST_KEY_UISupportedInterfaceOrientations = "UIInterfaceOrientationLandscapeLeft UIInterfaceOrientationLandscapeRight";
				LD_RUNPATH_SEARCH_PATHS = (
					"$(inherited)",
					"@executable_path/Frameworks",
				);
				MARKETING_VERSION = 1.0;
				PRODUCT_BUNDLE_IDENTIFIER = "com.df.Basketball-Coach-Assistant";
				PRODUCT_NAME = "$(TARGET_NAME)";
				SWIFT_EMIT_LOC_STRINGS = YES;
				SWIFT_VERSION = 5.0;
				TARGETED_DEVICE_FAMILY = "1,2";
			};
			name = Release;
		};
		73135BB62F8086DB00E7B357 /* Debug */ = {
			isa = XCBuildConfiguration;
			buildSettings = {
				BUNDLE_LOADER = "$(TEST_HOST)";
				CODE_SIGN_STYLE = Automatic;
				CURRENT_PROJECT_VERSION = 1;
				DEVELOPMENT_TEAM = FHFAQCZ5K4;
				GENERATE_INFOPLIST_FILE = YES;
				IPHONEOS_DEPLOYMENT_TARGET = 18.2;
				MARKETING_VERSION = 1.0;
				PRODUCT_BUNDLE_IDENTIFIER = "com.df.Basketball-Coach-AssistantTests";
				PRODUCT_NAME = "$(TARGET_NAME)";
				SWIFT_EMIT_LOC_STRINGS = NO;
				SWIFT_VERSION = 5.0;
				TARGETED_DEVICE_FAMILY = "1,2";
				TEST_HOST = "$(BUILT_PRODUCTS_DIR)/Basketball Coach Assistant.app/$(BUNDLE_EXECUTABLE_FOLDER_PATH)/Basketball Coach Assistant";
			};
			name = Debug;
		};
		73135BB72F8086DB00E7B357 /* Release */ = {
			isa = XCBuildConfiguration;
			buildSettings = {
				BUNDLE_LOADER = "$(TEST_HOST)";
				CODE_SIGN_STYLE = Automatic;
				CURRENT_PROJECT_VERSION = 1;
				DEVELOPMENT_TEAM = FHFAQCZ5K4;
				GENERATE_INFOPLIST_FILE = YES;
				IPHONEOS_DEPLOYMENT_TARGET = 18.2;
				MARKETING_VERSION = 1.0;
				PRODUCT_BUNDLE_IDENTIFIER = "com.df.Basketball-Coach-AssistantTests";
				PRODUCT_NAME = "$(TARGET_NAME)";
				SWIFT_EMIT_LOC_STRINGS = NO;
				SWIFT_VERSION = 5.0;
				TARGETED_DEVICE_FAMILY = "1,2";
				TEST_HOST = "$(BUILT_PRODUCTS_DIR)/Basketball Coach Assistant.app/$(BUNDLE_EXECUTABLE_FOLDER_PATH)/Basketball Coach Assistant";
			};
			name = Release;
		};
		73135BB92F8086DB00E7B357 /* Debug */ = {
			isa = XCBuildConfiguration;
			buildSettings = {
				CODE_SIGN_STYLE = Automatic;
				CURRENT_PROJECT_VERSION = 1;
				DEVELOPMENT_TEAM = FHFAQCZ5K4;
				GENERATE_INFOPLIST_FILE = YES;
				MARKETING_VERSION = 1.0;
				PRODUCT_BUNDLE_IDENTIFIER = "com.df.Basketball-Coach-AssistantUITests";
				PRODUCT_NAME = "$(TARGET_NAME)";
				SWIFT_EMIT_LOC_STRINGS = NO;
				SWIFT_VERSION = 5.0;
				TARGETED_DEVICE_FAMILY = "1,2";
				TEST_TARGET_NAME = "Basketball Coach Assistant";
			};
			name = Debug;
		};
		73135BBA2F8086DB00E7B357 /* Release */ = {
			isa = XCBuildConfiguration;
			buildSettings = {
				CODE_SIGN_STYLE = Automatic;
				CURRENT_PROJECT_VERSION = 1;
				DEVELOPMENT_TEAM = FHFAQCZ5K4;
				GENERATE_INFOPLIST_FILE = YES;
				MARKETING_VERSION = 1.0;
				PRODUCT_BUNDLE_IDENTIFIER = "com.df.Basketball-Coach-AssistantUITests";
				PRODUCT_NAME = "$(TARGET_NAME)";
				SWIFT_EMIT_LOC_STRINGS = NO;
				SWIFT_VERSION = 5.0;
				TARGETED_DEVICE_FAMILY = "1,2";
				TEST_TARGET_NAME = "Basketball Coach Assistant";
			};
			name = Release;
		};
/* End XCBuildConfiguration section */

/* Begin XCConfigurationList section */
		73135B892F8086D900E7B357 /* Build configuration list for PBXProject "Basketball Coach Assistant" */ = {
			isa = XCConfigurationList;
			buildConfigurations = (
				73135BB02F8086DB00E7B357 /* Debug */,
				73135BB12F8086DB00E7B357 /* Release */,
			);
			defaultConfigurationIsVisible = 0;
			defaultConfigurationName = Release;
		};
		73135BB22F8086DB00E7B357 /* Build configuration list for PBXNativeTarget "Basketball Coach Assistant" */ = {
			isa = XCConfigurationList;
			buildConfigurations = (
				73135BB32F8086DB00E7B357 /* Debug */,
				73135BB42F8086DB00E7B357 /* Release */,
			);
			defaultConfigurationIsVisible = 0;
			defaultConfigurationName = Release;
		};
		73135BB52F8086DB00E7B357 /* Build configuration list for PBXNativeTarget "Basketball Coach AssistantTests" */ = {
			isa = XCConfigurationList;
			buildConfigurations = (
				73135BB62F8086DB00E7B357 /* Debug */,
				73135BB72F8086DB00E7B357 /* Release */,
			);
			defaultConfigurationIsVisible = 0;
			defaultConfigurationName = Release;
		};
		73135BB82F8086DB00E7B357 /* Build configuration list for PBXNativeTarget "Basketball Coach AssistantUITests" */ = {
			isa = XCConfigurationList;
			buildConfigurations = (
				73135BB92F8086DB00E7B357 /* Debug */,
				73135BBA2F8086DB00E7B357 /* Release */,
			);
			defaultConfigurationIsVisible = 0;
			defaultConfigurationName = Release;
		};
/* End XCConfigurationList section */
	};
	rootObject = 73135B862F8086D900E7B357 /* Project object */;
}
